
Microsoft Visual Studio Solution File, Format Version 12.00
# Visual Studio Version 17
VisualStudioVersion = 17.4.33122.133
MinimumVisualStudioVersion = 10.0.40219.1
Project("{FAE04EC0-301F-11D3-BF4B-00C04F79EFBC}") = "BrainWaves", "BrainWaves\BrainWaves.csproj", "{13B17279-466A-4FC5-AB26-793C3005257E}"
EndProject
Global
	GlobalSection(SolutionConfigurationPlatforms) = preSolution
		Debug|Any CPU = Debug|Any CPU
		Release|Any CPU = Release|Any CPU
	EndGlobalSection
	GlobalSection(ProjectConfigurationPlatforms) = postSolution
		{13B17279-466A-4FC5-AB26-793C3005257E}.Debug|Any CPU.ActiveCfg = Debug|Any CPU
		{13B17279-466A-4FC5-AB26-793C3005257E}.Debug|Any CPU.Build.0 = Debug|Any CPU
		{13B17279-466A-4FC5-AB26-793C3005257E}.Release|Any CPU.ActiveCfg = Release|Any CPU
		{13B17279-466A-4FC5-AB26-793C3005257E}.Release|Any CPU.Build.0 = Release|Any CPU
	EndGlobalSection
	GlobalSection(SolutionProperties) = preSolution
		HideSolutionNode = FALSE
	EndGlobalSection
	GlobalSection(ExtensibilityGlobals) = postSolution
		SolutionGuid = {0A2FACD2-22A5-4A26-B64C-DED4A3E0914F}
	EndGlobalSection
EndGlobal
